
Microsoft Visual Studio Solution File, Format Version 12.00
# Visual Studio Version 17
VisualStudioVersion = 17.11.35431.28
MinimumVisualStudioVersion = 10.0.40219.1
Project("{2150E333-8FDC-42A3-9474-1A3956D46DE8}") = "src", "src", "{AAE12A81-E41E-4E48-9393-027908EE6500}"
EndProject
Project("{2150E333-8FDC-42A3-9474-1A3956D46DE8}") = "tests", "tests", "{A27AF2A8-E17A-4926-8193-97AA2DAA2E83}"
EndProject
Project("{2150E333-8FDC-42A3-9474-1A3956D46DE8}") = "Bootrapper", "Bootrapper", "{89CCE45F-195D-41E6-954E-B30ACB1FDC7F}"
EndProject
Project("{2150E333-8FDC-42A3-9474-1A3956D46DE8}") = "Modules", "Modules", "{04894FAB-AF99-40DE-82F7-BAEE2A3E7C60}"
EndProject
Project("{2150E333-8FDC-42A3-9474-1A3956D46DE8}") = "Shared", "Shared", "{9B47936B-5CBE-4B35-A77C-36E9B627FB7E}"
EndProject
Project("{9A19103F-16F7-4668-BE54-9A1E7A4F7556}") = "FB98.Bootstrapper", "src\Bootstrapper\FB98.Bootstrapper\FB98.Bootstrapper.csproj", "{85EFF086-F548-4D80-BA06-91668EDD7EBC}"
EndProject
Project("{9A19103F-16F7-4668-BE54-9A1E7A4F7556}") = "FB98.Shared.Infrastructure", "src\Shared\FB98.Shared.Infrastructure\FB98.Shared.Infrastructure.csproj", "{E056089B-68E5-4F0F-ADF3-134B7373D01F}"
EndProject
Project("{9A19103F-16F7-4668-BE54-9A1E7A4F7556}") = "FB98.Shared.Abstractions", "src\Shared\FB98.Shared.Abstractions\FB98.Shared.Abstractions.csproj", "{C4319772-D10F-4427-A7D8-D33EE26B2026}"
EndProject
Project("{E53339B2-1760-4266-BCC7-CA923CBCF16C}") = "docker-compose", "docker-compose.dcproj", "{29297B68-C888-4183-A4C2-D7F65B3AACA5}"
EndProject
Project("{2150E333-8FDC-42A3-9474-1A3956D46DE8}") = "Solution Items", "Solution Items", "{45668706-EE47-427A-8FA6-61AD88408A65}"
	ProjectSection(SolutionItems) = preProject
		.editorconfig = .editorconfig
	EndProjectSection
EndProject
Project("{2150E333-8FDC-42A3-9474-1A3956D46DE8}") = "Identity", "Identity", "{77F674AD-BE82-4325-BD5F-BA0E20DDE09D}"
EndProject
Project("{9A19103F-16F7-4668-BE54-9A1E7A4F7556}") = "FB98.Modules.Identity.Api", "src\Modules\Identity\FB98.Modules.Identity.Api\FB98.Modules.Identity.Api.csproj", "{A679DF6F-DE48-4CEC-BFCA-A4128300FFF7}"
EndProject
Project("{9A19103F-16F7-4668-BE54-9A1E7A4F7556}") = "FB98.Modules.Identity.Application", "src\Modules\Identity\FB98.Modules.Identity.Application\FB98.Modules.Identity.Application.csproj", "{00904E79-A27C-45BB-8961-EE3452A1AD5B}"
EndProject
Project("{2150E333-8FDC-42A3-9474-1A3956D46DE8}") = "Catalog", "Catalog", "{DA7AA006-CBA7-4320-8B39-1628EB25BA3C}"
EndProject
Project("{2150E333-8FDC-42A3-9474-1A3956D46DE8}") = "Cinema", "Cinema", "{081C6F74-8807-4775-AD9C-4BC56C16C9EF}"
EndProject
Project("{2150E333-8FDC-42A3-9474-1A3956D46DE8}") = "Show", "Show", "{72BA95F2-0E98-4E1C-921E-7F5E3C49D533}"
EndProject
Project("{2150E333-8FDC-42A3-9474-1A3956D46DE8}") = "Order", "Order", "{F7397317-D4BE-445F-BE49-C862622068FC}"
EndProject
Project("{2150E333-8FDC-42A3-9474-1A3956D46DE8}") = "Booking", "Booking", "{182199A4-2754-45E1-B692-E5720B51EC16}"
EndProject
Project("{2150E333-8FDC-42A3-9474-1A3956D46DE8}") = "Customer", "Customer", "{527F7C45-4012-4D87-A1BC-6105E5283A76}"
EndProject
Project("{FAE04EC0-301F-11D3-BF4B-00C04F79EFBC}") = "FB98.Shared.Utils", "src\Shared\FB98.Shared.Utils\FB98.Shared.Utils.csproj", "{03E6FA88-3079-4644-9EA8-F1C920AB2CF0}"
EndProject
Global
	GlobalSection(SolutionConfigurationPlatforms) = preSolution
		Debug|Any CPU = Debug|Any CPU
		Release|Any CPU = Release|Any CPU
	EndGlobalSection
	GlobalSection(ProjectConfigurationPlatforms) = postSolution
		{85EFF086-F548-4D80-BA06-91668EDD7EBC}.Debug|Any CPU.ActiveCfg = Debug|Any CPU
		{85EFF086-F548-4D80-BA06-91668EDD7EBC}.Debug|Any CPU.Build.0 = Debug|Any CPU
		{85EFF086-F548-4D80-BA06-91668EDD7EBC}.Release|Any CPU.ActiveCfg = Release|Any CPU
		{85EFF086-F548-4D80-BA06-91668EDD7EBC}.Release|Any CPU.Build.0 = Release|Any CPU
		{E056089B-68E5-4F0F-ADF3-134B7373D01F}.Debug|Any CPU.ActiveCfg = Debug|Any CPU
		{E056089B-68E5-4F0F-ADF3-134B7373D01F}.Debug|Any CPU.Build.0 = Debug|Any CPU
		{E056089B-68E5-4F0F-ADF3-134B7373D01F}.Release|Any CPU.ActiveCfg = Release|Any CPU
		{E056089B-68E5-4F0F-ADF3-134B7373D01F}.Release|Any CPU.Build.0 = Release|Any CPU
		{C4319772-D10F-4427-A7D8-D33EE26B2026}.Debug|Any CPU.ActiveCfg = Debug|Any CPU
		{C4319772-D10F-4427-A7D8-D33EE26B2026}.Debug|Any CPU.Build.0 = Debug|Any CPU
		{C4319772-D10F-4427-A7D8-D33EE26B2026}.Release|Any CPU.ActiveCfg = Release|Any CPU
		{C4319772-D10F-4427-A7D8-D33EE26B2026}.Release|Any CPU.Build.0 = Release|Any CPU
		{29297B68-C888-4183-A4C2-D7F65B3AACA5}.Debug|Any CPU.ActiveCfg = Debug|Any CPU
		{29297B68-C888-4183-A4C2-D7F65B3AACA5}.Debug|Any CPU.Build.0 = Debug|Any CPU
		{29297B68-C888-4183-A4C2-D7F65B3AACA5}.Release|Any CPU.ActiveCfg = Release|Any CPU
		{29297B68-C888-4183-A4C2-D7F65B3AACA5}.Release|Any CPU.Build.0 = Release|Any CPU
		{A679DF6F-DE48-4CEC-BFCA-A4128300FFF7}.Debug|Any CPU.ActiveCfg = Debug|Any CPU
		{A679DF6F-DE48-4CEC-BFCA-A4128300FFF7}.Debug|Any CPU.Build.0 = Debug|Any CPU
		{A679DF6F-DE48-4CEC-BFCA-A4128300FFF7}.Release|Any CPU.ActiveCfg = Release|Any CPU
		{A679DF6F-DE48-4CEC-BFCA-A4128300FFF7}.Release|Any CPU.Build.0 = Release|Any CPU
		{00904E79-A27C-45BB-8961-EE3452A1AD5B}.Debug|Any CPU.ActiveCfg = Debug|Any CPU
		{00904E79-A27C-45BB-8961-EE3452A1AD5B}.Debug|Any CPU.Build.0 = Debug|Any CPU
		{00904E79-A27C-45BB-8961-EE3452A1AD5B}.Release|Any CPU.ActiveCfg = Release|Any CPU
		{00904E79-A27C-45BB-8961-EE3452A1AD5B}.Release|Any CPU.Build.0 = Release|Any CPU
		{03E6FA88-3079-4644-9EA8-F1C920AB2CF0}.Debug|Any CPU.ActiveCfg = Debug|Any CPU
		{03E6FA88-3079-4644-9EA8-F1C920AB2CF0}.Debug|Any CPU.Build.0 = Debug|Any CPU
		{03E6FA88-3079-4644-9EA8-F1C920AB2CF0}.Release|Any CPU.ActiveCfg = Release|Any CPU
		{03E6FA88-3079-4644-9EA8-F1C920AB2CF0}.Release|Any CPU.Build.0 = Release|Any CPU
	EndGlobalSection
	GlobalSection(SolutionProperties) = preSolution
		HideSolutionNode = FALSE
	EndGlobalSection
	GlobalSection(NestedProjects) = preSolution
		{89CCE45F-195D-41E6-954E-B30ACB1FDC7F} = {AAE12A81-E41E-4E48-9393-027908EE6500}
		{04894FAB-AF99-40DE-82F7-BAEE2A3E7C60} = {AAE12A81-E41E-4E48-9393-027908EE6500}
		{9B47936B-5CBE-4B35-A77C-36E9B627FB7E} = {AAE12A81-E41E-4E48-9393-027908EE6500}
		{85EFF086-F548-4D80-BA06-91668EDD7EBC} = {89CCE45F-195D-41E6-954E-B30ACB1FDC7F}
		{E056089B-68E5-4F0F-ADF3-134B7373D01F} = {9B47936B-5CBE-4B35-A77C-36E9B627FB7E}
		{C4319772-D10F-4427-A7D8-D33EE26B2026} = {9B47936B-5CBE-4B35-A77C-36E9B627FB7E}
		{77F674AD-BE82-4325-BD5F-BA0E20DDE09D} = {04894FAB-AF99-40DE-82F7-BAEE2A3E7C60}
		{A679DF6F-DE48-4CEC-BFCA-A4128300FFF7} = {77F674AD-BE82-4325-BD5F-BA0E20DDE09D}
		{00904E79-A27C-45BB-8961-EE3452A1AD5B} = {77F674AD-BE82-4325-BD5F-BA0E20DDE09D}
		{DA7AA006-CBA7-4320-8B39-1628EB25BA3C} = {04894FAB-AF99-40DE-82F7-BAEE2A3E7C60}
		{081C6F74-8807-4775-AD9C-4BC56C16C9EF} = {04894FAB-AF99-40DE-82F7-BAEE2A3E7C60}
		{72BA95F2-0E98-4E1C-921E-7F5E3C49D533} = {04894FAB-AF99-40DE-82F7-BAEE2A3E7C60}
		{F7397317-D4BE-445F-BE49-C862622068FC} = {04894FAB-AF99-40DE-82F7-BAEE2A3E7C60}
		{182199A4-2754-45E1-B692-E5720B51EC16} = {04894FAB-AF99-40DE-82F7-BAEE2A3E7C60}
		{527F7C45-4012-4D87-A1BC-6105E5283A76} = {04894FAB-AF99-40DE-82F7-BAEE2A3E7C60}
		{03E6FA88-3079-4644-9EA8-F1C920AB2CF0} = {9B47936B-5CBE-4B35-A77C-36E9B627FB7E}
	EndGlobalSection
	GlobalSection(ExtensibilityGlobals) = postSolution
		SolutionGuid = {FB124796-B94E-488A-ACB3-193B9B8DA8DA}
	EndGlobalSection
EndGlobal
